
Microsoft Visual Studio Solution File, Format Version 12.00
# Visual Studio Version 16
VisualStudioVersion = 16.0.28729.10
MinimumVisualStudioVersion = 10.0.40219.1
Project("{FAE04EC0-301F-11D3-BF4B-00C04F79EFBC}") = "BookAccountApp", "BookAccountApp\BookAccountApp.csproj", "{83635E34-B768-4EC0-9B5C-5E1583DFAF1E}"
EndProject
Project("{FAE04EC0-301F-11D3-BF4B-00C04F79EFBC}") = "netoaster", "netoaster\netoaster.csproj", "{211D37EF-74F8-4E4F-9ED0-DA4566F423F5}"
EndProject
Global
	GlobalSection(SolutionConfigurationPlatforms) = preSolution
		Debug|Any CPU = Debug|Any CPU
		Release|Any CPU = Release|Any CPU
	EndGlobalSection
	GlobalSection(ProjectConfigurationPlatforms) = postSolution
		{83635E34-B768-4EC0-9B5C-5E1583DFAF1E}.Debug|Any CPU.ActiveCfg = Debug|Any CPU
		{83635E34-B768-4EC0-9B5C-5E1583DFAF1E}.Debug|Any CPU.Build.0 = Debug|Any CPU
		{83635E34-B768-4EC0-9B5C-5E1583DFAF1E}.Release|Any CPU.ActiveCfg = Release|Any CPU
		{83635E34-B768-4EC0-9B5C-5E1583DFAF1E}.Release|Any CPU.Build.0 = Release|Any CPU
		{211D37EF-74F8-4E4F-9ED0-DA4566F423F5}.Debug|Any CPU.ActiveCfg = Debug|Any CPU
		{211D37EF-74F8-4E4F-9ED0-DA4566F423F5}.Debug|Any CPU.Build.0 = Debug|Any CPU
		{211D37EF-74F8-4E4F-9ED0-DA4566F423F5}.Release|Any CPU.ActiveCfg = Release|Any CPU
		{211D37EF-74F8-4E4F-9ED0-DA4566F423F5}.Release|Any CPU.Build.0 = Release|Any CPU
	EndGlobalSection
	GlobalSection(SolutionProperties) = preSolution
		HideSolutionNode = FALSE
	EndGlobalSection
	GlobalSection(ExtensibilityGlobals) = postSolution
		SolutionGuid = {E7B7C27F-8E67-4233-8467-68AF96305239}
	EndGlobalSection
EndGlobal
